
Microsoft Visual Studio Solution File, Format Version 12.00
# Visual Studio Version 17
VisualStudioVersion = 17.10.35122.118
MinimumVisualStudioVersion = 10.0.40219.1
Project("{9A19103F-16F7-4668-BE54-9A1E7A4F7556}") = "DAL", "DAL.csproj", "{6391D88D-AE29-407C-96C4-359F9071B9D2}"
EndProject
Project("{FAE04EC0-301F-11D3-BF4B-00C04F79EFBC}") = "Entities", "..\Entities\Entities.csproj", "{6ABF02FC-9A03-426F-B56E-CD7BD5E0C635}"
EndProject
Global
	GlobalSection(SolutionConfigurationPlatforms) = preSolution
		Debug|Any CPU = Debug|Any CPU
		Release|Any CPU = Release|Any CPU
	EndGlobalSection
	GlobalSection(ProjectConfigurationPlatforms) = postSolution
		{6391D88D-AE29-407C-96C4-359F9071B9D2}.Debug|Any CPU.ActiveCfg = Debug|Any CPU
		{6391D88D-AE29-407C-96C4-359F9071B9D2}.Debug|Any CPU.Build.0 = Debug|Any CPU
		{6391D88D-AE29-407C-96C4-359F9071B9D2}.Release|Any CPU.ActiveCfg = Release|Any CPU
		{6391D88D-AE29-407C-96C4-359F9071B9D2}.Release|Any CPU.Build.0 = Release|Any CPU
		{6ABF02FC-9A03-426F-B56E-CD7BD5E0C635}.Debug|Any CPU.ActiveCfg = Debug|Any CPU
		{6ABF02FC-9A03-426F-B56E-CD7BD5E0C635}.Debug|Any CPU.Build.0 = Debug|Any CPU
		{6ABF02FC-9A03-426F-B56E-CD7BD5E0C635}.Release|Any CPU.ActiveCfg = Release|Any CPU
		{6ABF02FC-9A03-426F-B56E-CD7BD5E0C635}.Release|Any CPU.Build.0 = Release|Any CPU
	EndGlobalSection
	GlobalSection(SolutionProperties) = preSolution
		HideSolutionNode = FALSE
	EndGlobalSection
	GlobalSection(ExtensibilityGlobals) = postSolution
		SolutionGuid = {BA3F7D34-40B3-4A84-8155-AAA855AE73D0}
	EndGlobalSection
EndGlobal
